
Microsoft Visual Studio Solution File, Format Version 12.00
# Visual Studio Version 16
VisualStudioVersion = 16.0.31321.278
MinimumVisualStudioVersion = 10.0.40219.1
Project("{8BC9CEB8-8B4A-11D0-8D11-00A0C91BC942}") = "21.05.31-연습문제", "21.05.31-연습문제.vcxproj", "{2C47F8BA-74ED-44E3-9964-FE6D0AD92B95}"
EndProject
Global
	GlobalSection(SolutionConfigurationPlatforms) = preSolution
		Debug|x64 = Debug|x64
		Debug|x86 = Debug|x86
		Release|x64 = Release|x64
		Release|x86 = Release|x86
	EndGlobalSection
	GlobalSection(ProjectConfigurationPlatforms) = postSolution
		{2C47F8BA-74ED-44E3-9964-FE6D0AD92B95}.Debug|x64.ActiveCfg = Debug|x64
		{2C47F8BA-74ED-44E3-9964-FE6D0AD92B95}.Debug|x64.Build.0 = Debug|x64
		{2C47F8BA-74ED-44E3-9964-FE6D0AD92B95}.Debug|x86.ActiveCfg = Debug|Win32
		{2C47F8BA-74ED-44E3-9964-FE6D0AD92B95}.Debug|x86.Build.0 = Debug|Win32
		{2C47F8BA-74ED-44E3-9964-FE6D0AD92B95}.Release|x64.ActiveCfg = Release|x64
		{2C47F8BA-74ED-44E3-9964-FE6D0AD92B95}.Release|x64.Build.0 = Release|x64
		{2C47F8BA-74ED-44E3-9964-FE6D0AD92B95}.Release|x86.ActiveCfg = Release|Win32
		{2C47F8BA-74ED-44E3-9964-FE6D0AD92B95}.Release|x86.Build.0 = Release|Win32
	EndGlobalSection
	GlobalSection(SolutionProperties) = preSolution
		HideSolutionNode = FALSE
	EndGlobalSection
	GlobalSection(ExtensibilityGlobals) = postSolution
		SolutionGuid = {5CE17F50-0189-460B-9175-DDE4C6702CF1}
	EndGlobalSection
EndGlobal
